
Microsoft Visual Studio Solution File, Format Version 12.00
# Visual Studio Version 17
VisualStudioVersion = 17.0.32112.339
MinimumVisualStudioVersion = 10.0.40219.1
Project("{FAE04EC0-301F-11D3-BF4B-00C04F79EFBC}") = "FreeKassa.NET", "FreeKassa.NET\FreeKassa.NET.csproj", "{49CF0CE2-9566-4973-AAA2-E7299D36B5A8}"
EndProject
Global
	GlobalSection(SolutionConfigurationPlatforms) = preSolution
		Debug|Any CPU = Debug|Any CPU
		Release|Any CPU = Release|Any CPU
	EndGlobalSection
	GlobalSection(ProjectConfigurationPlatforms) = postSolution
		{49CF0CE2-9566-4973-AAA2-E7299D36B5A8}.Debug|Any CPU.ActiveCfg = Debug|Any CPU
		{49CF0CE2-9566-4973-AAA2-E7299D36B5A8}.Debug|Any CPU.Build.0 = Debug|Any CPU
		{49CF0CE2-9566-4973-AAA2-E7299D36B5A8}.Release|Any CPU.ActiveCfg = Release|Any CPU
		{49CF0CE2-9566-4973-AAA2-E7299D36B5A8}.Release|Any CPU.Build.0 = Release|Any CPU
	EndGlobalSection
	GlobalSection(SolutionProperties) = preSolution
		HideSolutionNode = FALSE
	EndGlobalSection
	GlobalSection(ExtensibilityGlobals) = postSolution
		SolutionGuid = {F73D006E-98B3-4806-A597-95D0D15C6AC4}
	EndGlobalSection
EndGlobal
